
Microsoft Visual Studio Solution File, Format Version 12.00
# Visual Studio 15
VisualStudioVersion = 15.0.28307.271
MinimumVisualStudioVersion = 10.0.40219.1
Project("{8BC9CEB8-8B4A-11D0-8D11-00A0C91BC942}") = "OdeumWin32", "OdeumWin32\OdeumWin32.vcxproj", "{CCD249EF-74C6-4CFB-B780-54B4CC99ECA6}"
EndProject
Global
	GlobalSection(SolutionConfigurationPlatforms) = preSolution
		Debug|x64 = Debug|x64
		Debug|x86 = Debug|x86
		Release|x64 = Release|x64
		Release|x86 = Release|x86
	EndGlobalSection
	GlobalSection(ProjectConfigurationPlatforms) = postSolution
		{CCD249EF-74C6-4CFB-B780-54B4CC99ECA6}.Debug|x64.ActiveCfg = Debug|x64
		{CCD249EF-74C6-4CFB-B780-54B4CC99ECA6}.Debug|x64.Build.0 = Debug|x64
		{CCD249EF-74C6-4CFB-B780-54B4CC99ECA6}.Debug|x86.ActiveCfg = Debug|Win32
		{CCD249EF-74C6-4CFB-B780-54B4CC99ECA6}.Debug|x86.Build.0 = Debug|Win32
		{CCD249EF-74C6-4CFB-B780-54B4CC99ECA6}.Release|x64.ActiveCfg = Release|x64
		{CCD249EF-74C6-4CFB-B780-54B4CC99ECA6}.Release|x64.Build.0 = Release|x64
		{CCD249EF-74C6-4CFB-B780-54B4CC99ECA6}.Release|x86.ActiveCfg = Release|Win32
		{CCD249EF-74C6-4CFB-B780-54B4CC99ECA6}.Release|x86.Build.0 = Release|Win32
	EndGlobalSection
	GlobalSection(SolutionProperties) = preSolution
		HideSolutionNode = FALSE
	EndGlobalSection
	GlobalSection(ExtensibilityGlobals) = postSolution
		SolutionGuid = {5AA75C7A-7FBA-4C89-831C-AFE380821B57}
	EndGlobalSection
EndGlobal
