<?xml version="1.0" encoding="utf-8"?>
<Project ToolsVersion="4.0" xmlns="http://schemas.microsoft.com/developer/msbuild/2003">
  <ItemGroup>
    <FxCompile Include="Engine\Shaders\ParticleDispatchArgs.hlsl" />
    <FxCompile Include="Engine\Shaders\ParticleFinalDispatchArgs.hlsl" />
    <FxCompile Include="Engine\Shaders\ParticlePS.hlsl" />
    <FxCompile Include="Engine\Shaders\ParticleSpawnCS.hlsl" />
    <FxCompile Include="Engine\Shaders\ParticleUpdateCS.hlsl" />
    <FxCompile Include="Engine\Shaders\ParticleVS.hlsl" />
    <FxCompile Include="Engine\Shaders\PixelShader.hlsl" />
    <FxCompile Include="Engine\Shaders\Present.hlsl" />
    <FxCompile Include="Engine\Shaders\ScreenQuad.hlsl" />
    <FxCompile Include="Engine\Shaders\VertexShader.hlsl" />
  </ItemGroup>
  <ItemGroup>
    <ClCompile Include="Game\Components\Ai.cpp" />
    <ClCompile Include="App.cpp" />
    <ClCompile Include="Engine\AI\ActionNode.cpp" />
    <ClCompile Include="Engine\AI\Selector.cpp" />
    <ClCompile Include="Engine\AI\Sequence.cpp" />
    <ClCompile Include="Engine\NavMesh\NavMeshManager.cpp" />
    <ClCompile Include="Engine\Rendering\DirectX12\D3DRenderer.cpp" />
    <ClCompile Include="Game\Components\BoxCollider.cpp" />
    <ClCompile Include="Game\Components\AudioSource.cpp" />
    <ClCompile Include="Engine\Core\AudioHandler.cpp" />
    <ClCompile Include="Engine\Math\CollisionDetection.cpp" />
    <ClCompile Include="Engine\Math\CollisionHandler.cpp" />
    <ClCompile Include="Engine\Math\OctSpatialPartition.cpp" />
    <ClCompile Include="Engine\Rendering\DirectX12\CommandSignature.cpp" />
    <ClCompile Include="Game\Components\ColliderComponent.cpp" />
    <ClCompile Include="Game\Components\ComplexCollider.cpp" />
    <ClCompile Include="Game\Components\RenderComponent.cpp" />
    <ClCompile Include="Game\Components\SphereCollider.cpp" />
    <ClCompile Include="Game\Scenes\BenScene.cpp" />
    <ClCompile Include="Engine\ImGui\imgui.cpp" />
    <ClCompile Include="Engine\ImGui\imgui_demo.cpp" />
    <ClCompile Include="Engine\ImGui\imgui_draw.cpp" />
    <ClCompile Include="Engine\ImGui\imgui_impl_dx12.cpp" />
    <ClCompile Include="Engine\ImGui\imgui_impl_win32.cpp" />
    <ClCompile Include="Engine\ImGui\imgui_widgets.cpp" />
    <ClCompile Include="Engine\Rendering\Vulkan\VKCommandContext.cpp" />
    <ClCompile Include="Engine\Rendering\Vulkan\VKCore.cpp" />
    <ClCompile Include="Engine\Rendering\Common\GraphicsCore.cpp" />
    <ClCompile Include="Engine\Rendering\DirectX12\BufferAllocator.cpp" />
    <ClCompile Include="Engine\Core\Input.cpp" />
    <ClCompile Include="Engine\Rendering\DirectX12\Buffers\ColourBuffer.cpp" />
    <ClCompile Include="Engine\Rendering\DirectX12\Buffers\DepthBuffer.cpp" />
    <ClCompile Include="Engine\Core\Camera.cpp" />
    <ClCompile Include="Engine\Core\CameraController.cpp" />
    <ClCompile Include="Engine\Rendering\DirectX12\CommandListManager.cpp" />
    <ClCompile Include="Engine\Rendering\DirectX12\DynamicDescriptorHeap.cpp" />
    <ClCompile Include="Engine\Rendering\DirectX12\DescriptorAllocator.cpp" />
    <ClCompile Include="Engine\Rendering\DirectX12\D3DCore.cpp" />
    <ClCompile Include="Engine\Rendering\DirectX12\Buffers\D3DBuffer.cpp" />
    <ClCompile Include="Engine\Core\Debug.cpp" />
    <ClCompile Include="Engine\Core\Timer.cpp" />
    <ClCompile Include="Engine\Core\OdeumEngine.cpp" />
    <ClCompile Include="Engine\Rendering\DirectX12\CommandContext.cpp" />
    <ClCompile Include="Engine\Rendering\DirectX12\PipelineState.cpp" />
    <ClCompile Include="Engine\Core\GameObject.cpp" />
    <ClCompile Include="Game\Components\Rigidbody.cpp" />
    <ClCompile Include="Game\Game1.cpp" />
    <ClCompile Include="Game\Scenes\BombTossScene.cpp" />
    <ClCompile Include="Game\Scenes\ButtonMashingScene.cpp" />
    <ClCompile Include="Game\Scenes\GameScene.cpp" />
    <ClCompile Include="Game\Scenes\GGJTestScene.cpp" />
    <ClCompile Include="Game\Scenes\RobScene.cpp" />
    <ClCompile Include="Game\Scenes\StartScene.cpp" />
    <ClCompile Include="Engine\Rendering\DirectX12\Model.cpp" />
    <ClCompile Include="Game\Components\KinematicMovement.cpp" />
    <ClCompile Include="Engine\Rendering\DirectX12\LightSource.cpp" />
    <ClCompile Include="Engine\Rendering\DirectX12\ParticleEffect.cpp" />
    <ClCompile Include="Engine\Rendering\DirectX12\ParticleManager.cpp" />
    <ClCompile Include="Engine\Core\JobSystem.cpp" />
    <ClCompile Include="Engine\AI\Inverter.cpp" />
    <ClCompile Include="pch.cpp" />
    <ClCompile Include="Engine\Core\Window.cpp" />
    <ClCompile Include="Engine\Rendering\DirectX12\RootSignature.cpp" />
    <ClCompile Include="Engine\Rendering\DirectX12\Buffers\PixelBuffer.cpp" />
    <ClCompile Include="Engine\Core\SystemStack.cpp" />
    <ClCompile Include="Engine\Core\TestRender.cpp" />
    <ClCompile Include="Engine\Rendering\DirectX12\SceneGraph.cpp" />
    <ClCompile Include="Engine\Rendering\DirectX12\TextureManager.cpp" />
    <ClCompile Include="Engine\Rendering\DirectX12\Buffers\ReadbackBuffer.cpp" />
    <ClCompile Include="Engine\Math\Transform.cpp" />
    <ClCompile Include="Game\Components\Rigidbody2.cpp" />
    <ClCompile Include="Engine\Core\SceneObjects.cpp" />
    <ClCompile Include="Game\Components\Player.cpp" />
  </ItemGroup>
  <ItemGroup>
    <ClInclude Include="Engine\DataStructures\Graph.h" />
    <ClInclude Include="Engine\Math\CollisionPoints.h" />
    <ClInclude Include="Engine\NavMesh\delaunator.hpp" />
    <ClInclude Include="Game\Components\Ai.h" />
    <ClInclude Include="Engine\AI\ActionNode.h" />
    <ClInclude Include="Engine\AI\Node.h" />
    <ClInclude Include="Engine\AI\Selector.h" />
    <ClInclude Include="Engine\AI\Sequence.h" />
    <ClInclude Include="Engine\DataStructures\LinkedList.h" />
    <ClInclude Include="Engine\Math\Plane.h" />
    <ClInclude Include="Engine\NavMesh\NavMeshManager.h" />
    <ClInclude Include="Engine\DataStructures\RingBuffer.h" />
    <ClInclude Include="Engine\JSONUtility\json.hpp" />
    <ClInclude Include="Engine\Rendering\DirectX12\D3DRenderer.h" />
    <ClInclude Include="Engine\Core\EngineProfiling.h" />
    <ClInclude Include="Engine\Rendering\Common\Renderer.h" />
    <ClInclude Include="Engine\Rendering\DirectX12\ParticleStructs.h" />
    <ClInclude Include="Engine\Math\Collider.h" />
    <ClInclude Include="Engine\Math\EulerAngles.h" />
    <ClInclude Include="Engine\Math\Simplex.h" />
    <ClInclude Include="Game\Components\BoxCollider.h" />
    <ClInclude Include="Engine\Rendering\DirectX12\RadiometryUtility.h" />
    <ClInclude Include="Game\Components\AudioSource.h" />
    <ClInclude Include="Engine\Core\AudioHandler.h" />
    <ClInclude Include="Engine\Math\BoundingBox.h" />
    <ClInclude Include="Engine\Math\CollisionDetection.h" />
    <ClInclude Include="Engine\Math\CollisionHandler.h" />
    <ClInclude Include="Engine\Math\OctSpatialPartition.h" />
    <ClInclude Include="Engine\Math\Ray.h" />
    <ClInclude Include="Engine\Rendering\DirectX12\CommandSignature.h" />
    <ClInclude Include="Game\Components\ColliderComponent.h" />
    <ClInclude Include="Game\Components\ComplexCollider.h" />
    <ClInclude Include="Game\Components\RenderComponent.h" />
    <ClInclude Include="Game\Components\SphereCollider.h" />
    <ClInclude Include="Game\Scenes\BenScene.h" />
    <ClInclude Include="Engine\Core\Utility.h" />
    <ClInclude Include="Engine\ImGui\imconfig.h" />
    <ClInclude Include="Engine\ImGui\imgui.h" />
    <ClInclude Include="Engine\ImGui\imgui_impl_dx12.h" />
    <ClInclude Include="Engine\ImGui\imgui_impl_win32.h" />
    <ClInclude Include="Engine\ImGui\imgui_internal.h" />
    <ClInclude Include="Engine\ImGui\imstb_rectpack.h" />
    <ClInclude Include="Engine\ImGui\imstb_textedit.h" />
    <ClInclude Include="Engine\ImGui\imstb_truetype.h" />
    <ClInclude Include="Engine\Math\MathUtility.h" />
    <ClInclude Include="Engine\Rendering\Vulkan\VKCommandContext.h" />
    <ClInclude Include="Engine\Rendering\Vulkan\VKCore.h" />
    <ClInclude Include="Engine\Rendering\Vulkan\VKIncludes.h" />
    <ClInclude Include="Engine\Core\Component.h" />
    <ClInclude Include="Engine\Core\KeyCodes.h" />
    <ClInclude Include="Engine\Core\MouseCodes.h" />
    <ClInclude Include="Engine\Math\D3DMath.h" />
    <ClInclude Include="Engine\Math\Matrix.h" />
    <ClInclude Include="Engine\Math\Quaternion.h" />
    <ClInclude Include="Engine\Math\Vector.h" />
    <ClInclude Include="Engine\Rendering\Common\GraphicsCore.h" />
    <ClInclude Include="Engine\Rendering\DirectX12\BufferAllocator.h" />
    <ClInclude Include="Engine\Events\ApplicationEvent.h" />
    <ClInclude Include="Engine\Events\KeyEvent.h" />
    <ClInclude Include="Engine\Events\MouseEvent.h" />
    <ClInclude Include="Engine\Rendering\DirectX12\Colour.h" />
    <ClInclude Include="Engine\Rendering\DirectX12\Buffers\ColourBuffer.h" />
    <ClInclude Include="Engine\Rendering\DirectX12\Buffers\DepthBuffer.h" />
    <ClInclude Include="Engine\Core\Camera.h" />
    <ClInclude Include="Engine\Core\CameraController.h" />
    <ClInclude Include="Engine\Rendering\DirectX12\CommandListManager.h" />
    <ClInclude Include="Engine\Rendering\DirectX12\D3DIncludes.h" />
    <ClInclude Include="Engine\Rendering\DirectX12\DynamicDescriptorHeap.h" />
    <ClInclude Include="Engine\Core\Input.h" />
    <ClInclude Include="Engine\Rendering\DirectX12\DescriptorAllocator.h" />
    <ClInclude Include="Engine\Rendering\DirectX12\D3DCore.h" />
    <ClInclude Include="Engine\Rendering\DirectX12\Buffers\D3DBuffer.h" />
    <ClInclude Include="Engine\Core\CoreSystem.h" />
    <ClInclude Include="Engine\Core\Debug.h" />
    <ClInclude Include="Engine\Core\GameInterface.h" />
    <ClInclude Include="Engine\Core\Scene.h" />
    <ClInclude Include="Engine\Core\Timer.h" />
    <ClInclude Include="Engine\dxc\dxcapi.h" />
    <ClInclude Include="Engine\dxc\dxcapi.use.h" />
    <ClInclude Include="Engine\Rendering\DirectX12\Buffers\D3DResource.h" />
    <ClInclude Include="Engine\Rendering\DirectX12\PipelineState.h" />
    <ClInclude Include="Engine\Rendering\DirectX12\Shapes.h" />
    <ClInclude Include="Engine\Rendering\stb_image.h" />
    <ClInclude Include="Engine\Utilities\d3dx12.h" />
    <ClInclude Include="Engine\Events\Event.h" />
    <ClInclude Include="Engine\Core\OdeumEngine.h" />
    <ClInclude Include="Engine\Rendering\DirectX12\CommandContext.h" />
    <ClInclude Include="Engine\Core\GameObject.h" />
    <ClInclude Include="Game\Components\Rigidbody.h" />
    <ClInclude Include="Game\Game1.h" />
    <ClInclude Include="Game\Scenes\BombTossScene.h" />
    <ClInclude Include="Game\Scenes\ButtonMashingScene.h" />
    <ClInclude Include="Game\Scenes\GameScene.h" />
    <ClInclude Include="Game\Scenes\GGJTestScene.h" />
    <ClInclude Include="Game\Scenes\RobScene.h" />
    <ClInclude Include="Game\Scenes\StartScene.h" />
    <ClInclude Include="Engine\Rendering\DirectX12\Model.h" />
    <ClInclude Include="Game\Components\KinematicMovement.h" />
    <ClInclude Include="Engine\Rendering\DirectX12\LightSource.h" />
    <ClInclude Include="Engine\Rendering\DirectX12\ParticleEffect.h" />
    <ClInclude Include="Engine\Rendering\DirectX12\ParticleManager.h" />
    <ClInclude Include="Engine\Core\JobSystem.h" />
    <ClInclude Include="Engine\AI\Inverter.h" />
    <ClInclude Include="pch.h" />
    <ClInclude Include="Engine\Core\Window.h" />
    <ClInclude Include="Engine\Rendering\DirectX12\RootSignature.h" />
    <ClInclude Include="Engine\Rendering\DirectX12\Buffers\PixelBuffer.h" />
    <ClInclude Include="Engine\Core\SystemStack.h" />
    <ClInclude Include="Engine\Core\TestRender.h" />
    <ClInclude Include="Engine\Rendering\DirectX12\SceneGraph.h" />
    <ClInclude Include="Engine\Rendering\DirectX12\TextureManager.h" />
    <ClInclude Include="Engine\Rendering\DirectX12\SamplerDesc.h" />
    <ClInclude Include="Engine\Rendering\DirectX12\Buffers\ReadbackBuffer.h" />
    <ClInclude Include="Engine\Math\Transform.h" />
    <ClInclude Include="Game\Components\Rigidbody2.h" />
    <ClInclude Include="Engine\Core\SceneObjects.h" />
    <ClInclude Include="Game\Components\Player.h" />
  </ItemGroup>
  <ItemGroup>
    <Media Include="Engine\Resources\Audio\TestCoin.wav" />
  </ItemGroup>
  <ItemGroup>
    <None Include="Engine\Shaders\ParticleCommon.hlsli" />
    <None Include="Engine\Shaders\ParticleRS.hlsli" />
    <None Include="Engine\Shaders\ParticleUpdateUtility.hlsli" />
    <None Include="packages.config" />
  </ItemGroup>
</Project>