<?xml version="1.0" encoding="utf-8"?>
<Project ToolsVersion="4.0" xmlns="http://schemas.microsoft.com/developer/msbuild/2003">
  <ItemGroup>
    <FxCompile Include="Engine\Shaders\Common.hlsl">
      <Filter>Shaders</Filter>
    </FxCompile>
    <FxCompile Include="Engine\Shaders\Hit.hlsl">
      <Filter>Shaders</Filter>
    </FxCompile>
    <FxCompile Include="Engine\Shaders\Miss.hlsl">
      <Filter>Shaders</Filter>
    </FxCompile>
    <FxCompile Include="Engine\Shaders\Raygen.hlsl">
      <Filter>Shaders</Filter>
    </FxCompile>
  </ItemGroup>
  <ItemGroup>
    <ClCompile Include="App.cpp">
      <Filter>App</Filter>
    </ClCompile>
    <ClCompile Include="Engine\Core\OdeumEngine.cpp" />
    <ClCompile Include="Engine\Core\Camera.cpp">
      <Filter>Common</Filter>
    </ClCompile>
    <ClCompile Include="Engine\Utilities\DeviceResources.cpp">
      <Filter>Utilities</Filter>
    </ClCompile>
    <ClCompile Include="Engine\Core\Input.cpp">
      <Filter>Common</Filter>
    </ClCompile>
    <ClCompile Include="pch.cpp" />
    <ClCompile Include="Engine\Rendering\Renderer.cpp">
      <Filter>Rendering</Filter>
    </ClCompile>
    <ClCompile Include="Engine\Rendering\Model.cpp">
      <Filter>Rendering</Filter>
    </ClCompile>
    <ClCompile Include="Engine\Core\Timer.cpp" />
    <ClCompile Include="Engine\Core\Debug.cpp" />
    <ClCompile Include="Game\Game1.cpp" />
    <ClCompile Include="Game\Scenes\GameScene.cpp" />
    <ClCompile Include="Game\Scenes\StartScene.cpp" />
  </ItemGroup>
  <ItemGroup>
    <ClInclude Include="Engine\dxc\dxcapi.h">
      <Filter>dxc</Filter>
    </ClInclude>
    <ClInclude Include="Engine\dxc\dxcapi.use.h">
      <Filter>dxc</Filter>
    </ClInclude>
    <ClInclude Include="App.h">
      <Filter>App</Filter>
    </ClInclude>
    <ClInclude Include="Engine\Core\OdeumEngine.h" />
    <ClInclude Include="Engine\Core\Camera.h">
      <Filter>Common</Filter>
    </ClInclude>
    <ClInclude Include="Engine\Utilities\DeviceResources.h">
      <Filter>Utilities</Filter>
    </ClInclude>
    <ClInclude Include="Engine\Utilities\DXRaytracingHelper.h">
      <Filter>dxr</Filter>
    </ClInclude>
    <ClInclude Include="Engine\Utilities\DXRHelper.h">
      <Filter>dxr</Filter>
    </ClInclude>
    <ClInclude Include="Engine\Utilities\DXStructures.h">
      <Filter>dxr</Filter>
    </ClInclude>
    <ClInclude Include="Engine\Utilities\d3dx12.h">
      <Filter>Utilities</Filter>
    </ClInclude>
    <ClInclude Include="Engine\Core\Input.h">
      <Filter>Common</Filter>
    </ClInclude>
    <ClInclude Include="pch.h" />
    <ClInclude Include="Engine\Utilities\RaytracingHLSLCompat.h">
      <Filter>dxr</Filter>
    </ClInclude>
    <ClInclude Include="Engine\Rendering\Renderer.h">
      <Filter>Rendering</Filter>
    </ClInclude>
    <ClInclude Include="Engine\Rendering\Model.h">
      <Filter>Rendering</Filter>
    </ClInclude>
    <ClInclude Include="Engine\Core\Timer.h" />
    <ClInclude Include="Engine\Core\Debug.h" />
    <ClInclude Include="Engine\Core\GameInterface.h" />
    <ClInclude Include="Game\Game1.h" />
    <ClInclude Include="Engine\Core\Scene.h" />
    <ClInclude Include="Game\Scenes\GameScene.h" />
    <ClInclude Include="Game\Scenes\StartScene.h" />
  </ItemGroup>
  <ItemGroup>
    <None Include="packages.config" />
    <None Include="Engine\Shaders\PixelShader.hlsl">
      <Filter>Shaders</Filter>
    </None>
    <None Include="Engine\Shaders\VertexShader.hlsl">
      <Filter>Shaders</Filter>
    </None>
  </ItemGroup>
  <ItemGroup>
    <Filter Include="Utilities">
      <UniqueIdentifier>{1af63a36-2161-4ac3-a6e9-36f2cdd8c2d3}</UniqueIdentifier>
    </Filter>
    <Filter Include="Shaders">
      <UniqueIdentifier>{8c8f1afb-5c0f-4bc9-9cde-de8420045bdc}</UniqueIdentifier>
    </Filter>
    <Filter Include="Rendering">
      <UniqueIdentifier>{65a32de9-ff7e-412a-acc5-5b64badffb3f}</UniqueIdentifier>
    </Filter>
    <Filter Include="Common">
      <UniqueIdentifier>{1e20822c-54fa-447e-a11a-79cd268ba756}</UniqueIdentifier>
    </Filter>
    <Filter Include="App">
      <UniqueIdentifier>{896df72a-aa7a-4031-aa7e-1b1db69026e3}</UniqueIdentifier>
    </Filter>
    <Filter Include="dxc">
      <UniqueIdentifier>{5e4a4ff1-11f8-4adc-bf14-a35be71b3871}</UniqueIdentifier>
    </Filter>
    <Filter Include="dxr">
      <UniqueIdentifier>{de06acd0-cb43-42f5-ae74-60df6d85f035}</UniqueIdentifier>
    </Filter>
  </ItemGroup>
</Project>