<?xml version="1.0" encoding="utf-8"?>
<Project ToolsVersion="4.0" xmlns="http://schemas.microsoft.com/developer/msbuild/2003">
  <ItemGroup>
    <Filter Include="Resource Files">
      <UniqueIdentifier>{67DA6AB6-F800-4c08-8B7A-83BB121AAD01}</UniqueIdentifier>
      <Extensions>rc;ico;cur;bmp;dlg;rc2;rct;bin;rgs;gif;jpg;jpeg;jpe;resx;tiff;tif;png;wav;mfcribbon-ms</Extensions>
    </Filter>
    <Filter Include="Common">
      <UniqueIdentifier>{8efb8033-b24b-4707-8048-16024ab7afcd}</UniqueIdentifier>
    </Filter>
    <Filter Include="Rendering">
      <UniqueIdentifier>{d35dba91-114d-4c72-a600-58e634542c2a}</UniqueIdentifier>
    </Filter>
    <Filter Include="Content">
      <UniqueIdentifier>{5336d50c-48b9-4666-9508-8f0691a5e341}</UniqueIdentifier>
    </Filter>
    <Filter Include="Utilities">
      <UniqueIdentifier>{01254d64-48e6-462f-b396-146b52b52267}</UniqueIdentifier>
    </Filter>
    <Filter Include="App">
      <UniqueIdentifier>{6c50ee18-7420-478c-b2e7-c05b67afd111}</UniqueIdentifier>
    </Filter>
    <Filter Include="Scenes">
      <UniqueIdentifier>{fafd653c-5132-4b22-8164-154220c4d254}</UniqueIdentifier>
    </Filter>
  </ItemGroup>
  <ItemGroup>
    <ClInclude Include="Renderer.h">
      <Filter>Rendering</Filter>
    </ClInclude>
    <ClInclude Include="d3dx12.h">
      <Filter>Common</Filter>
    </ClInclude>
    <ClInclude Include="DeviceResources.h">
      <Filter>Utilities</Filter>
    </ClInclude>
    <ClInclude Include="App.h">
      <Filter>App</Filter>
    </ClInclude>
    <ClInclude Include="Input.h">
      <Filter>Content</Filter>
    </ClInclude>
    <ClInclude Include="Camera.h">
      <Filter>Content</Filter>
    </ClInclude>
    <ClInclude Include="Model.h">
      <Filter>Content</Filter>
    </ClInclude>
    <ClInclude Include="pch.h" />
    <ClInclude Include="ColorShader.h">
      <Filter>Content</Filter>
    </ClInclude>
    <ClInclude Include="OdeumSample.h">
      <Filter>Scenes</Filter>
    </ClInclude>
  </ItemGroup>
  <ItemGroup>
    <ClCompile Include="Renderer.cpp">
      <Filter>Rendering</Filter>
    </ClCompile>
    <ClCompile Include="DeviceResources.cpp">
      <Filter>Utilities</Filter>
    </ClCompile>
    <ClCompile Include="App.cpp">
      <Filter>App</Filter>
    </ClCompile>
    <ClCompile Include="Camera.cpp">
      <Filter>Content</Filter>
    </ClCompile>
    <ClCompile Include="Input.cpp">
      <Filter>Content</Filter>
    </ClCompile>
    <ClCompile Include="Model.cpp">
      <Filter>Content</Filter>
    </ClCompile>
    <ClCompile Include="pch.cpp" />
    <ClCompile Include="WinMain.cpp" />
    <ClCompile Include="ColorShader.cpp">
      <Filter>Content</Filter>
    </ClCompile>
    <ClCompile Include="OdeumSample.cpp">
      <Filter>Scenes</Filter>
    </ClCompile>
  </ItemGroup>
  <ItemGroup>
    <None Include="PixelShader.hlsl">
      <Filter>Resource Files</Filter>
    </None>
    <None Include="VertexShader.hlsl">
      <Filter>Resource Files</Filter>
    </None>
    <None Include="packages.config" />
  </ItemGroup>
</Project>